<?xml version="1.0" encoding="utf-8"?>
<Project ToolsVersion="4.0" xmlns="http://schemas.microsoft.com/developer/msbuild/2003">
  <ItemGroup>
    <Filter Include="Source Files">
      <UniqueIdentifier>{4FC737F1-C7A5-4376-A066-2A32D752A2FF}</UniqueIdentifier>
      <Extensions>cpp;c;cc;cxx;def;odl;idl;hpj;bat;asm;asmx</Extensions>
    </Filter>
    <Filter Include="Header Files">
      <UniqueIdentifier>{93995380-89BD-4b04-88EB-625FBE52EBFB}</UniqueIdentifier>
      <Extensions>h;hpp;hxx;hm;inl;inc;xsd</Extensions>
    </Filter>
    <Filter Include="Resource Files">
      <UniqueIdentifier>{67DA6AB6-F800-4c08-8B7A-83BB121AAD01}</UniqueIdentifier>
      <Extensions>rc;ico;cur;bmp;dlg;rc2;rct;bin;rgs;gif;jpg;jpeg;jpe;resx;tiff;tif;png;wav;mfcribbon-ms</Extensions>
    </Filter>
    <Filter Include="Shaders">
      <UniqueIdentifier>{394df4cb-a416-4a24-9891-4c0ab117a15d}</UniqueIdentifier>
    </Filter>
    <Filter Include="Header Files\ILines">
      <UniqueIdentifier>{006eda3d-afb0-4553-8c9d-bc8c0744e033}</UniqueIdentifier>
    </Filter>
    <Filter Include="Source Files\ILines">
      <UniqueIdentifier>{44acf30e-9876-4a71-b02f-7668d07a832f}</UniqueIdentifier>
    </Filter>
    <Filter Include="Shaders\ILines">
      <UniqueIdentifier>{31231c68-e922-40a3-a900-75ac5147ffbb}</UniqueIdentifier>
    </Filter>
  </ItemGroup>
  <ItemGroup>
    <ClCompile Include="main.cpp">
      <Filter>Source Files</Filter>
    </ClCompile>
    <ClCompile Include="Study.cpp">
      <Filter>Source Files</Filter>
    </ClCompile>
    <ClCompile Include="Trial.cpp">
      <Filter>Source Files</Filter>
    </ClCompile>
    <ClCompile Include="Texture.cpp">
      <Filter>Source Files</Filter>
    </ClCompile>
    <ClCompile Include="Object.cpp">
      <Filter>Source Files</Filter>
    </ClCompile>
    <ClCompile Include="Light.cpp">
      <Filter>Source Files</Filter>
    </ClCompile>
    <ClCompile Include="Material.cpp">
      <Filter>Source Files</Filter>
    </ClCompile>
    <ClCompile Include="BiMap.cpp">
      <Filter>Source Files</Filter>
    </ClCompile>
    <ClCompile Include="Slice.cpp">
      <Filter>Source Files</Filter>
    </ClCompile>
    <ClCompile Include="ILines\Vector.cpp">
      <Filter>Source Files</Filter>
    </ClCompile>
    <ClCompile Include="IlluminatedLines.cpp">
      <Filter>Source Files</Filter>
    </ClCompile>
    <ClCompile Include="ILines\ILRender.cpp">
      <Filter>Source Files\ILines</Filter>
    </ClCompile>
    <ClCompile Include="ILines\ILTexture.cpp">
      <Filter>Source Files\ILines</Filter>
    </ClCompile>
    <ClCompile Include="ILines\ILUtilities.cpp">
      <Filter>Source Files\ILines</Filter>
    </ClCompile>
    <ClCompile Include="ILines\ShaderProgram.cpp">
      <Filter>Source Files\ILines</Filter>
    </ClCompile>
    <ClCompile Include="ILines\shader_programs\IL_cylinder_blinn_vp.cpp">
      <Filter>Shaders\ILines</Filter>
    </ClCompile>
    <ClCompile Include="ILines\shader_programs\IL_cylinder_blinn_fp.cpp">
      <Filter>Shaders\ILines</Filter>
    </ClCompile>
    <ClCompile Include="ILines\shader_programs\IL_cylinder_blinn_tangent_vp.cpp">
      <Filter>Shaders\ILines</Filter>
    </ClCompile>
    <ClCompile Include="Icosphere.cpp">
      <Filter>Source Files</Filter>
    </ClCompile>
    <ClCompile Include="Polhemus.cpp">
      <Filter>Source Files</Filter>
    </ClCompile>
    <ClCompile Include="Quaternion.cpp">
      <Filter>Source Files</Filter>
    </ClCompile>
    <ClCompile Include="Probe.cpp">
      <Filter>Source Files</Filter>
    </ClCompile>
    <ClCompile Include="Stopwatch.cpp">
      <Filter>Source Files</Filter>
    </ClCompile>
    <ClCompile Include="Target.cpp">
      <Filter>Source Files</Filter>
    </ClCompile>
  </ItemGroup>
  <ItemGroup>
    <ClInclude Include="Shader.h">
      <Filter>Header Files</Filter>
    </ClInclude>
    <ClInclude Include="Camera.h">
      <Filter>Header Files</Filter>
    </ClInclude>
    <ClInclude Include="Study.h">
      <Filter>Header Files</Filter>
    </ClInclude>
    <ClInclude Include="Trial.h">
      <Filter>Header Files</Filter>
    </ClInclude>
    <ClInclude Include="Texture.h">
      <Filter>Header Files</Filter>
    </ClInclude>
    <ClInclude Include="Object.h">
      <Filter>Header Files</Filter>
    </ClInclude>
    <ClInclude Include="Light.h">
      <Filter>Header Files</Filter>
    </ClInclude>
    <ClInclude Include="Material.h">
      <Filter>Header Files</Filter>
    </ClInclude>
    <ClInclude Include="BiMap.h">
      <Filter>Header Files</Filter>
    </ClInclude>
    <ClInclude Include="Slice.h">
      <Filter>Header Files</Filter>
    </ClInclude>
    <ClInclude Include="ILines\Vector.h">
      <Filter>Header Files</Filter>
    </ClInclude>
    <ClInclude Include="IlluminatedLines.h">
      <Filter>Header Files</Filter>
    </ClInclude>
    <ClInclude Include="ILines\ILLightingModel.h">
      <Filter>Header Files\ILines</Filter>
    </ClInclude>
    <ClInclude Include="ILines\ILTexture.h">
      <Filter>Header Files\ILines</Filter>
    </ClInclude>
    <ClInclude Include="ILines\ILRender.h">
      <Filter>Header Files\ILines</Filter>
    </ClInclude>
    <ClInclude Include="ILines\ILUtilities.h">
      <Filter>Header Files\ILines</Filter>
    </ClInclude>
    <ClInclude Include="ILines\ShaderProgram.h">
      <Filter>Header Files\ILines</Filter>
    </ClInclude>
    <ClInclude Include="Icosphere.h">
      <Filter>Header Files</Filter>
    </ClInclude>
    <ClInclude Include="Polhemus.h">
      <Filter>Header Files</Filter>
    </ClInclude>
    <ClInclude Include="Quaternion.h">
      <Filter>Header Files</Filter>
    </ClInclude>
    <ClInclude Include="Probe.h">
      <Filter>Header Files</Filter>
    </ClInclude>
    <ClInclude Include="Stopwatch.h">
      <Filter>Header Files</Filter>
    </ClInclude>
    <ClInclude Include="Target.h">
      <Filter>Header Files</Filter>
    </ClInclude>
  </ItemGroup>
  <ItemGroup>
    <None Include="normals.vert">
      <Filter>Shaders</Filter>
    </None>
    <None Include="normals.frag">
      <Filter>Shaders</Filter>
    </None>
    <None Include="normals.geom">
      <Filter>Shaders</Filter>
    </None>
    <None Include="IL_cylinder_blinn.frag">
      <Filter>Shaders\ILines</Filter>
    </None>
    <None Include="IL_cylinder_blinn.vert">
      <Filter>Shaders\ILines</Filter>
    </None>
    <None Include="IL_cylinder_blinn_tangent.vert">
      <Filter>Shaders\ILines</Filter>
    </None>
    <None Include="halo.frag">
      <Filter>Shaders</Filter>
    </None>
    <None Include="halo.vert">
      <Filter>Shaders</Filter>
    </None>
    <None Include="hedgehogs.vert">
      <Filter>Shaders</Filter>
    </None>
    <None Include="hedgehogs.frag">
      <Filter>Shaders</Filter>
    </None>
    <None Include="materials.frag">
      <Filter>Shaders</Filter>
    </None>
    <None Include="materials.vert">
      <Filter>Shaders</Filter>
    </None>
    <None Include="lines.frag">
      <Filter>Shaders</Filter>
    </None>
    <None Include="lines.vert">
      <Filter>Shaders</Filter>
    </None>
    <None Include="target.frag">
      <Filter>Shaders</Filter>
    </None>
    <None Include="target.vert">
      <Filter>Shaders</Filter>
    </None>
  </ItemGroup>
</Project>