
Microsoft Visual Studio Solution File, Format Version 12.00
# Visual Studio 2012
Project("{8BC9CEB8-8B4A-11D0-8D11-00A0C91BC942}") = "hairyv2", "hairyv2.vcxproj", "{7D94DC4D-FAB6-4638-AA72-C8A1A375ECDB}"
EndProject
Project("{2150E333-8FDC-42A3-9474-1A3956D46DE8}") = "Solution Items", "Solution Items", "{B09C83CC-DA07-4DF0-BEFE-5A2941E2F212}"
EndProject
Global
	GlobalSection(SolutionConfigurationPlatforms) = preSolution
		Debug|Win32 = Debug|Win32
		Release|Win32 = Release|Win32
	EndGlobalSection
	GlobalSection(ProjectConfigurationPlatforms) = postSolution
		{7D94DC4D-FAB6-4638-AA72-C8A1A375ECDB}.Debug|Win32.ActiveCfg = Debug|Win32
		{7D94DC4D-FAB6-4638-AA72-C8A1A375ECDB}.Debug|Win32.Build.0 = Debug|Win32
		{7D94DC4D-FAB6-4638-AA72-C8A1A375ECDB}.Release|Win32.ActiveCfg = Release|Win32
		{7D94DC4D-FAB6-4638-AA72-C8A1A375ECDB}.Release|Win32.Build.0 = Release|Win32
	EndGlobalSection
	GlobalSection(SolutionProperties) = preSolution
		HideSolutionNode = FALSE
	EndGlobalSection
EndGlobal
